
Microsoft Visual Studio Solution File, Format Version 12.00
# Visual Studio 14
VisualStudioVersion = 14.0.25420.1
MinimumVisualStudioVersion = 10.0.40219.1
Project("{FAE04EC0-301F-11D3-BF4B-00C04F79EFBC}") = "CarApplication", "Carapplication\CarApplication.csproj", "{D00E1333-1100-4698-910E-78583706FE03}"
EndProject
Project("{FAE04EC0-301F-11D3-BF4B-00C04F79EFBC}") = "HeaterApplication", "HeaterApplication\HeaterApplication.csproj", "{20C46DC1-0258-41BE-A69B-E7FDD963B796}"
EndProject
Project("{FAE04EC0-301F-11D3-BF4B-00C04F79EFBC}") = "WasherApplication", "WasherApplication\WasherApplication.csproj", "{AA81F068-45BA-4105-8F17-27BB2B08C66A}"
EndProject
Project("{FAE04EC0-301F-11D3-BF4B-00C04F79EFBC}") = "TvApplication", "TvApplication\TvApplication.csproj", "{C9EF40C6-0EF6-48D5-962D-19BABB391D3F}"
EndProject
Global
	GlobalSection(SolutionConfigurationPlatforms) = preSolution
		Debug|Any CPU = Debug|Any CPU
		Release|Any CPU = Release|Any CPU
	EndGlobalSection
	GlobalSection(ProjectConfigurationPlatforms) = postSolution
		{D00E1333-1100-4698-910E-78583706FE03}.Debug|Any CPU.ActiveCfg = Debug|Any CPU
		{D00E1333-1100-4698-910E-78583706FE03}.Debug|Any CPU.Build.0 = Debug|Any CPU
		{D00E1333-1100-4698-910E-78583706FE03}.Release|Any CPU.ActiveCfg = Release|Any CPU
		{D00E1333-1100-4698-910E-78583706FE03}.Release|Any CPU.Build.0 = Release|Any CPU
		{20C46DC1-0258-41BE-A69B-E7FDD963B796}.Debug|Any CPU.ActiveCfg = Debug|Any CPU
		{20C46DC1-0258-41BE-A69B-E7FDD963B796}.Debug|Any CPU.Build.0 = Debug|Any CPU
		{20C46DC1-0258-41BE-A69B-E7FDD963B796}.Release|Any CPU.ActiveCfg = Release|Any CPU
		{20C46DC1-0258-41BE-A69B-E7FDD963B796}.Release|Any CPU.Build.0 = Release|Any CPU
		{AA81F068-45BA-4105-8F17-27BB2B08C66A}.Debug|Any CPU.ActiveCfg = Debug|Any CPU
		{AA81F068-45BA-4105-8F17-27BB2B08C66A}.Debug|Any CPU.Build.0 = Debug|Any CPU
		{AA81F068-45BA-4105-8F17-27BB2B08C66A}.Release|Any CPU.ActiveCfg = Release|Any CPU
		{AA81F068-45BA-4105-8F17-27BB2B08C66A}.Release|Any CPU.Build.0 = Release|Any CPU
		{C9EF40C6-0EF6-48D5-962D-19BABB391D3F}.Debug|Any CPU.ActiveCfg = Debug|Any CPU
		{C9EF40C6-0EF6-48D5-962D-19BABB391D3F}.Debug|Any CPU.Build.0 = Debug|Any CPU
		{C9EF40C6-0EF6-48D5-962D-19BABB391D3F}.Release|Any CPU.ActiveCfg = Release|Any CPU
		{C9EF40C6-0EF6-48D5-962D-19BABB391D3F}.Release|Any CPU.Build.0 = Release|Any CPU
	EndGlobalSection
	GlobalSection(SolutionProperties) = preSolution
		HideSolutionNode = FALSE
	EndGlobalSection
EndGlobal
